{
	"name": "csw",
	"version": "1.0.0",
	"lockfileVersion": 2,
	"requires": true,
	"packages": {
		"": {
			"name": "csw",
			"version": "1.0.0",
			"license": "MIT",
			"devDependencies": {
				"@types/scriptable-ios": "^1.6.4"
			}
		},
		"node_modules/@types/scriptable-ios": {
			"version": "1.6.4",
			"resolved": "https://registry.npmjs.org/@types/scriptable-ios/-/scriptable-ios-1.6.4.tgz",
			"integrity": "sha512-5kNqisqBSxOtTJxRKnSJPZnHspPHgo/IgENcmnMhqs/Mlsms6JxlyhJvDIT6mFzBXpsFryYWGlq8vl6Kh/KVUg==",
			"dev": true
		}
	},
	"dependencies": {
		"@types/scriptable-ios": {
			"version": "1.6.4",
			"resolved": "https://registry.npmjs.org/@types/scriptable-ios/-/scriptable-ios-1.6.4.tgz",
			"integrity": "sha512-5kNqisqBSxOtTJxRKnSJPZnHspPHgo/IgENcmnMhqs/Mlsms6JxlyhJvDIT6mFzBXpsFryYWGlq8vl6Kh/KVUg==",
			"dev": true
		}
	}
}
